// !$*UTF8*$!
{
	archiveVersion = 1;
	classes = {
	};
	objectVersion = 46;
	objects = {

/* Begin PBXBuildFile section */
		B93AEF111E7836DE00598D5C /* Plist.framework in Frameworks */ = {isa = PBXBuildFile; fileRef = B93AEF081E7836DE00598D5C /* Plist.framework */; };
		B93AEF2B1E78371300598D5C /* Plist.swift in Sources */ = {isa = PBXBuildFile; fileRef = B93AEF251E78371300598D5C /* Plist.swift */; };
		B93AEF2F1E78390F00598D5C /* PlistTests.swift in Sources */ = {isa = PBXBuildFile; fileRef = B93AEF2E1E78390F00598D5C /* PlistTests.swift */; };
		B93AEF3E1E78399800598D5C /* Plist.framework in Frameworks */ = {isa = PBXBuildFile; fileRef = B93AEF351E78399800598D5C /* Plist.framework */; };
		B93AEF451E78399800598D5C /* Plist.h in Headers */ = {isa = PBXBuildFile; fileRef = B93AEF371E78399800598D5C /* Plist.h */; settings = {ATTRIBUTES = (Public, ); }; };
		B93AEF4C1E7839EA00598D5C /* Plist.swift in Sources */ = {isa = PBXBuildFile; fileRef = B93AEF251E78371300598D5C /* Plist.swift */; };
		B93AEF4E1E783A3600598D5C /* Plist.h in Headers */ = {isa = PBXBuildFile; fileRef = B93AEF4D1E783A3600598D5C /* Plist.h */; settings = {ATTRIBUTES = (Public, ); }; };
		B93AEF4F1E783AFC00598D5C /* PlistTests.swift in Sources */ = {isa = PBXBuildFile; fileRef = B93AEF2E1E78390F00598D5C /* PlistTests.swift */; };
/* End PBXBuildFile section */

/* Begin PBXContainerItemProxy section */
		B93AEF121E7836DE00598D5C /* PBXContainerItemProxy */ = {
			isa = PBXContainerItemProxy;
			containerPortal = B9EFB8E81E7835DF003F8BAC /* Project object */;
			proxyType = 1;
			remoteGlobalIDString = B93AEF071E7836DE00598D5C;
			remoteInfo = "Plist iOS";
		};
		B93AEF3F1E78399800598D5C /* PBXContainerItemProxy */ = {
			isa = PBXContainerItemProxy;
			containerPortal = B9EFB8E81E7835DF003F8BAC /* Project object */;
			proxyType = 1;
			remoteGlobalIDString = B93AEF341E78399800598D5C;
			remoteInfo = "Plist macOS";
		};
/* End PBXContainerItemProxy section */

/* Begin PBXFileReference section */
		B93AEF081E7836DE00598D5C /* Plist.framework */ = {isa = PBXFileReference; explicitFileType = wrapper.framework; includeInIndex = 0; path = Plist.framework; sourceTree = BUILT_PRODUCTS_DIR; };
		B93AEF101E7836DE00598D5C /* Plist iOS Tests.xctest */ = {isa = PBXFileReference; explicitFileType = wrapper.cfbundle; includeInIndex = 0; path = "Plist iOS Tests.xctest"; sourceTree = BUILT_PRODUCTS_DIR; };
		B93AEF211E78371300598D5C /* Info.plist */ = {isa = PBXFileReference; fileEncoding = 4; lastKnownFileType = text.plist.xml; path = Info.plist; sourceTree = "<group>"; };
		B93AEF231E78371300598D5C /* Info.plist */ = {isa = PBXFileReference; fileEncoding = 4; lastKnownFileType = text.plist.xml; path = Info.plist; sourceTree = "<group>"; };
		B93AEF251E78371300598D5C /* Plist.swift */ = {isa = PBXFileReference; fileEncoding = 4; lastKnownFileType = sourcecode.swift; path = Plist.swift; sourceTree = "<group>"; };
		B93AEF2E1E78390F00598D5C /* PlistTests.swift */ = {isa = PBXFileReference; fileEncoding = 4; lastKnownFileType = sourcecode.swift; path = PlistTests.swift; sourceTree = "<group>"; };
		B93AEF351E78399800598D5C /* Plist.framework */ = {isa = PBXFileReference; explicitFileType = wrapper.framework; includeInIndex = 0; path = Plist.framework; sourceTree = BUILT_PRODUCTS_DIR; };
		B93AEF371E78399800598D5C /* Plist.h */ = {isa = PBXFileReference; lastKnownFileType = sourcecode.c.h; path = Plist.h; sourceTree = "<group>"; };
		B93AEF3D1E78399800598D5C /* Plist macOS Tests.xctest */ = {isa = PBXFileReference; explicitFileType = wrapper.cfbundle; includeInIndex = 0; path = "Plist macOS Tests.xctest"; sourceTree = BUILT_PRODUCTS_DIR; };
		B93AEF4D1E783A3600598D5C /* Plist.h */ = {isa = PBXFileReference; fileEncoding = 4; lastKnownFileType = sourcecode.c.h; path = Plist.h; sourceTree = "<group>"; };
/* End PBXFileReference section */

/* Begin PBXFrameworksBuildPhase section */
		B93AEF041E7836DE00598D5C /* Frameworks */ = {
			isa = PBXFrameworksBuildPhase;
			buildActionMask = 2147483647;
			files = (
			);
			runOnlyForDeploymentPostprocessing = 0;
		};
		B93AEF0D1E7836DE00598D5C /* Frameworks */ = {
			isa = PBXFrameworksBuildPhase;
			buildActionMask = 2147483647;
			files = (
				B93AEF111E7836DE00598D5C /* Plist.framework in Frameworks */,
			);
			runOnlyForDeploymentPostprocessing = 0;
		};
		B93AEF311E78399800598D5C /* Frameworks */ = {
			isa = PBXFrameworksBuildPhase;
			buildActionMask = 2147483647;
			files = (
			);
			runOnlyForDeploymentPostprocessing = 0;
		};
		B93AEF3A1E78399800598D5C /* Frameworks */ = {
			isa = PBXFrameworksBuildPhase;
			buildActionMask = 2147483647;
			files = (
				B93AEF3E1E78399800598D5C /* Plist.framework in Frameworks */,
			);
			runOnlyForDeploymentPostprocessing = 0;
		};
/* End PBXFrameworksBuildPhase section */

/* Begin PBXGroup section */
		B93AEF091E7836DE00598D5C /* Plist iOS */ = {
			isa = PBXGroup;
			children = (
				B93AEF4D1E783A3600598D5C /* Plist.h */,
			);
			path = "Plist iOS";
			sourceTree = "<group>";
		};
		B93AEF141E7836DE00598D5C /* Plist iOS Tests */ = {
			isa = PBXGroup;
			children = (
			);
			name = "Plist iOS Tests";
			path = "Plist iOSTests";
			sourceTree = "<group>";
		};
		B93AEF1F1E7836F800598D5C /* Build */ = {
			isa = PBXGroup;
			children = (
				B93AEF351E78399800598D5C /* Plist.framework */,
				B93AEF3D1E78399800598D5C /* Plist macOS Tests.xctest */,
				B93AEF081E7836DE00598D5C /* Plist.framework */,
				B93AEF101E7836DE00598D5C /* Plist iOS Tests.xctest */,
			);
			name = Build;
			sourceTree = "<group>";
		};
		B93AEF201E78371300598D5C /* CommonTests */ = {
			isa = PBXGroup;
			children = (
				B93AEF211E78371300598D5C /* Info.plist */,
				B93AEF2E1E78390F00598D5C /* PlistTests.swift */,
			);
			path = CommonTests;
			sourceTree = "<group>";
		};
		B93AEF221E78371300598D5C /* Common */ = {
			isa = PBXGroup;
			children = (
				B93AEF231E78371300598D5C /* Info.plist */,
				B93AEF251E78371300598D5C /* Plist.swift */,
			);
			path = Common;
			sourceTree = "<group>";
		};
		B93AEF361E78399800598D5C /* Plist macOS */ = {
			isa = PBXGroup;
			children = (
				B93AEF371E78399800598D5C /* Plist.h */,
			);
			path = "Plist macOS";
			sourceTree = "<group>";
		};
		B93AEF411E78399800598D5C /* Plist macOS Tests */ = {
			isa = PBXGroup;
			children = (
			);
			name = "Plist macOS Tests";
			path = "Plist macOSTests";
			sourceTree = "<group>";
		};
		B9EFB8E71E7835DF003F8BAC = {
			isa = PBXGroup;
			children = (
				B93AEF201E78371300598D5C /* CommonTests */,
				B93AEF221E78371300598D5C /* Common */,
				B93AEF091E7836DE00598D5C /* Plist iOS */,
				B93AEF141E7836DE00598D5C /* Plist iOS Tests */,
				B93AEF361E78399800598D5C /* Plist macOS */,
				B93AEF411E78399800598D5C /* Plist macOS Tests */,
				B93AEF1F1E7836F800598D5C /* Build */,
			);
			sourceTree = "<group>";
		};
/* End PBXGroup section */

/* Begin PBXHeadersBuildPhase section */
		B93AEF051E7836DE00598D5C /* Headers */ = {
			isa = PBXHeadersBuildPhase;
			buildActionMask = 2147483647;
			files = (
				B93AEF4E1E783A3600598D5C /* Plist.h in Headers */,
			);
			runOnlyForDeploymentPostprocessing = 0;
		};
		B93AEF321E78399800598D5C /* Headers */ = {
			isa = PBXHeadersBuildPhase;
			buildActionMask = 2147483647;
			files = (
				B93AEF451E78399800598D5C /* Plist.h in Headers */,
			);
			runOnlyForDeploymentPostprocessing = 0;
		};
/* End PBXHeadersBuildPhase section */

/* Begin PBXNativeTarget section */
		B93AEF071E7836DE00598D5C /* Plist iOS */ = {
			isa = PBXNativeTarget;
			buildConfigurationList = B93AEF191E7836DE00598D5C /* Build configuration list for PBXNativeTarget "Plist iOS" */;
			buildPhases = (
				B93AEF031E7836DE00598D5C /* Sources */,
				B93AEF041E7836DE00598D5C /* Frameworks */,
				B93AEF051E7836DE00598D5C /* Headers */,
				B93AEF061E7836DE00598D5C /* Resources */,
			);
			buildRules = (
			);
			dependencies = (
			);
			name = "Plist iOS";
			productName = "Plist iOS";
			productReference = B93AEF081E7836DE00598D5C /* Plist.framework */;
			productType = "com.apple.product-type.framework";
		};
		B93AEF0F1E7836DE00598D5C /* Plist iOS Tests */ = {
			isa = PBXNativeTarget;
			buildConfigurationList = B93AEF1C1E7836DE00598D5C /* Build configuration list for PBXNativeTarget "Plist iOS Tests" */;
			buildPhases = (
				B93AEF0C1E7836DE00598D5C /* Sources */,
				B93AEF0D1E7836DE00598D5C /* Frameworks */,
				B93AEF0E1E7836DE00598D5C /* Resources */,
			);
			buildRules = (
			);
			dependencies = (
				B93AEF131E7836DE00598D5C /* PBXTargetDependency */,
			);
			name = "Plist iOS Tests";
			productName = "Plist iOSTests";
			productReference = B93AEF101E7836DE00598D5C /* Plist iOS Tests.xctest */;
			productType = "com.apple.product-type.bundle.unit-test";
		};
		B93AEF341E78399800598D5C /* Plist macOS */ = {
			isa = PBXNativeTarget;
			buildConfigurationList = B93AEF461E78399800598D5C /* Build configuration list for PBXNativeTarget "Plist macOS" */;
			buildPhases = (
				B93AEF301E78399800598D5C /* Sources */,
				B93AEF311E78399800598D5C /* Frameworks */,
				B93AEF321E78399800598D5C /* Headers */,
				B93AEF331E78399800598D5C /* Resources */,
			);
			buildRules = (
			);
			dependencies = (
			);
			name = "Plist macOS";
			productName = "Plist macOS";
			productReference = B93AEF351E78399800598D5C /* Plist.framework */;
			productType = "com.apple.product-type.framework";
		};
		B93AEF3C1E78399800598D5C /* Plist macOS Tests */ = {
			isa = PBXNativeTarget;
			buildConfigurationList = B93AEF491E78399800598D5C /* Build configuration list for PBXNativeTarget "Plist macOS Tests" */;
			buildPhases = (
				B93AEF391E78399800598D5C /* Sources */,
				B93AEF3A1E78399800598D5C /* Frameworks */,
				B93AEF3B1E78399800598D5C /* Resources */,
			);
			buildRules = (
			);
			dependencies = (
				B93AEF401E78399800598D5C /* PBXTargetDependency */,
			);
			name = "Plist macOS Tests";
			productName = "Plist macOSTests";
			productReference = B93AEF3D1E78399800598D5C /* Plist macOS Tests.xctest */;
			productType = "com.apple.product-type.bundle.unit-test";
		};
/* End PBXNativeTarget section */

/* Begin PBXProject section */
		B9EFB8E81E7835DF003F8BAC /* Project object */ = {
			isa = PBXProject;
			attributes = {
				LastSwiftUpdateCheck = 0820;
				LastUpgradeCheck = 0820;
				ORGANIZATIONNAME = "Benzi Ahamed";
				TargetAttributes = {
					B93AEF071E7836DE00598D5C = {
						CreatedOnToolsVersion = 8.2.1;
						ProvisioningStyle = Automatic;
					};
					B93AEF0F1E7836DE00598D5C = {
						CreatedOnToolsVersion = 8.2.1;
						ProvisioningStyle = Automatic;
					};
					B93AEF341E78399800598D5C = {
						CreatedOnToolsVersion = 8.2.1;
						ProvisioningStyle = Automatic;
					};
					B93AEF3C1E78399800598D5C = {
						CreatedOnToolsVersion = 8.2.1;
						ProvisioningStyle = Automatic;
					};
				};
			};
			buildConfigurationList = B9EFB8EB1E7835DF003F8BAC /* Build configuration list for PBXProject "Plist" */;
			compatibilityVersion = "Xcode 3.2";
			developmentRegion = English;
			hasScannedForEncodings = 0;
			knownRegions = (
				en,
			);
			mainGroup = B9EFB8E71E7835DF003F8BAC;
			productRefGroup = B9EFB8E71E7835DF003F8BAC;
			projectDirPath = "";
			projectRoot = "";
			targets = (
				B93AEF071E7836DE00598D5C /* Plist iOS */,
				B93AEF0F1E7836DE00598D5C /* Plist iOS Tests */,
				B93AEF341E78399800598D5C /* Plist macOS */,
				B93AEF3C1E78399800598D5C /* Plist macOS Tests */,
			);
		};
/* End PBXProject section */

/* Begin PBXResourcesBuildPhase section */
		B93AEF061E7836DE00598D5C /* Resources */ = {
			isa = PBXResourcesBuildPhase;
			buildActionMask = 2147483647;
			files = (
			);
			runOnlyForDeploymentPostprocessing = 0;
		};
		B93AEF0E1E7836DE00598D5C /* Resources */ = {
			isa = PBXResourcesBuildPhase;
			buildActionMask = 2147483647;
			files = (
			);
			runOnlyForDeploymentPostprocessing = 0;
		};
		B93AEF331E78399800598D5C /* Resources */ = {
			isa = PBXResourcesBuildPhase;
			buildActionMask = 2147483647;
			files = (
			);
			runOnlyForDeploymentPostprocessing = 0;
		};
		B93AEF3B1E78399800598D5C /* Resources */ = {
			isa = PBXResourcesBuildPhase;
			buildActionMask = 2147483647;
			files = (
			);
			runOnlyForDeploymentPostprocessing = 0;
		};
/* End PBXResourcesBuildPhase section */

/* Begin PBXSourcesBuildPhase section */
		B93AEF031E7836DE00598D5C /* Sources */ = {
			isa = PBXSourcesBuildPhase;
			buildActionMask = 2147483647;
			files = (
				B93AEF2B1E78371300598D5C /* Plist.swift in Sources */,
			);
			runOnlyForDeploymentPostprocessing = 0;
		};
		B93AEF0C1E7836DE00598D5C /* Sources */ = {
			isa = PBXSourcesBuildPhase;
			buildActionMask = 2147483647;
			files = (
				B93AEF2F1E78390F00598D5C /* PlistTests.swift in Sources */,
			);
			runOnlyForDeploymentPostprocessing = 0;
		};
		B93AEF301E78399800598D5C /* Sources */ = {
			isa = PBXSourcesBuildPhase;
			buildActionMask = 2147483647;
			files = (
				B93AEF4C1E7839EA00598D5C /* Plist.swift in Sources */,
			);
			runOnlyForDeploymentPostprocessing = 0;
		};
		B93AEF391E78399800598D5C /* Sources */ = {
			isa = PBXSourcesBuildPhase;
			buildActionMask = 2147483647;
			files = (
				B93AEF4F1E783AFC00598D5C /* PlistTests.swift in Sources */,
			);
			runOnlyForDeploymentPostprocessing = 0;
		};
/* End PBXSourcesBuildPhase section */

/* Begin PBXTargetDependency section */
		B93AEF131E7836DE00598D5C /* PBXTargetDependency */ = {
			isa = PBXTargetDependency;
			target = B93AEF071E7836DE00598D5C /* Plist iOS */;
			targetProxy = B93AEF121E7836DE00598D5C /* PBXContainerItemProxy */;
		};
		B93AEF401E78399800598D5C /* PBXTargetDependency */ = {
			isa = PBXTargetDependency;
			target = B93AEF341E78399800598D5C /* Plist macOS */;
			targetProxy = B93AEF3F1E78399800598D5C /* PBXContainerItemProxy */;
		};
/* End PBXTargetDependency section */

/* Begin XCBuildConfiguration section */
		B93AEF1A1E7836DE00598D5C /* Debug */ = {
			isa = XCBuildConfiguration;
			buildSettings = {
				CODE_SIGN_IDENTITY = "";
				DEFINES_MODULE = YES;
				DYLIB_COMPATIBILITY_VERSION = 1;
				DYLIB_CURRENT_VERSION = 1;
				DYLIB_INSTALL_NAME_BASE = "@rpath";
				HEADER_SEARCH_PATHS = "$(SRCROOT)/Common";
				INFOPLIST_FILE = "$(SRCROOT)/Common/Info.plist";
				INSTALL_PATH = "$(LOCAL_LIBRARY_DIR)/Frameworks";
				LD_RUNPATH_SEARCH_PATHS = "$(inherited) @executable_path/Frameworks @loader_path/Frameworks";
				PRODUCT_BUNDLE_IDENTIFIER = "com.folded-paper.Plist-iOS";
				PRODUCT_MODULE_NAME = Plist;
				PRODUCT_NAME = Plist;
				SKIP_INSTALL = YES;
				SWIFT_VERSION = 3.0;
				USER_HEADER_SEARCH_PATHS = "$(SRCROOT)/Common";
			};
			name = Debug;
		};
		B93AEF1B1E7836DE00598D5C /* Release */ = {
			isa = XCBuildConfiguration;
			buildSettings = {
				CODE_SIGN_IDENTITY = "";
				DEFINES_MODULE = YES;
				DYLIB_COMPATIBILITY_VERSION = 1;
				DYLIB_CURRENT_VERSION = 1;
				DYLIB_INSTALL_NAME_BASE = "@rpath";
				HEADER_SEARCH_PATHS = "$(SRCROOT)/Common";
				INFOPLIST_FILE = "$(SRCROOT)/Common/Info.plist";
				INSTALL_PATH = "$(LOCAL_LIBRARY_DIR)/Frameworks";
				LD_RUNPATH_SEARCH_PATHS = "$(inherited) @executable_path/Frameworks @loader_path/Frameworks";
				PRODUCT_BUNDLE_IDENTIFIER = "com.folded-paper.Plist-iOS";
				PRODUCT_MODULE_NAME = Plist;
				PRODUCT_NAME = Plist;
				SKIP_INSTALL = YES;
				SWIFT_VERSION = 3.0;
				USER_HEADER_SEARCH_PATHS = "$(SRCROOT)/Common";
			};
			name = Release;
		};
		B93AEF1D1E7836DE00598D5C /* Debug */ = {
			isa = XCBuildConfiguration;
			buildSettings = {
				ALWAYS_EMBED_SWIFT_STANDARD_LIBRARIES = YES;
				INFOPLIST_FILE = "$(SRCROOT)/CommonTests/Info.plist";
				LD_RUNPATH_SEARCH_PATHS = "$(inherited) @executable_path/Frameworks @loader_path/Frameworks";
				PRODUCT_BUNDLE_IDENTIFIER = "com.folded-paper.Plist-iOSTests";
				PRODUCT_NAME = "$(TARGET_NAME)";
				SWIFT_VERSION = 3.0;
			};
			name = Debug;
		};
		B93AEF1E1E7836DE00598D5C /* Release */ = {
			isa = XCBuildConfiguration;
			buildSettings = {
				ALWAYS_EMBED_SWIFT_STANDARD_LIBRARIES = YES;
				INFOPLIST_FILE = "$(SRCROOT)/CommonTests/Info.plist";
				LD_RUNPATH_SEARCH_PATHS = "$(inherited) @executable_path/Frameworks @loader_path/Frameworks";
				PRODUCT_BUNDLE_IDENTIFIER = "com.folded-paper.Plist-iOSTests";
				PRODUCT_NAME = "$(TARGET_NAME)";
				SWIFT_VERSION = 3.0;
			};
			name = Release;
		};
		B93AEF471E78399800598D5C /* Debug */ = {
			isa = XCBuildConfiguration;
			buildSettings = {
				CODE_SIGN_IDENTITY = "-";
				COMBINE_HIDPI_IMAGES = YES;
				DEFINES_MODULE = YES;
				DYLIB_COMPATIBILITY_VERSION = 1;
				DYLIB_CURRENT_VERSION = 1;
				DYLIB_INSTALL_NAME_BASE = "@rpath";
				FRAMEWORK_VERSION = A;
				INFOPLIST_FILE = "$(SRCROOT)/Common/Info.plist";
				INSTALL_PATH = "$(LOCAL_LIBRARY_DIR)/Frameworks";
				LD_RUNPATH_SEARCH_PATHS = "$(inherited) @executable_path/../Frameworks @loader_path/Frameworks";
				MACOSX_DEPLOYMENT_TARGET = 10.12;
				PRODUCT_BUNDLE_IDENTIFIER = "com.folded-paper.Plist-macOS";
				PRODUCT_NAME = Plist;
				SDKROOT = macosx;
				SKIP_INSTALL = YES;
				SWIFT_VERSION = 3.0;
			};
			name = Debug;
		};
		B93AEF481E78399800598D5C /* Release */ = {
			isa = XCBuildConfiguration;
			buildSettings = {
				CODE_SIGN_IDENTITY = "-";
				COMBINE_HIDPI_IMAGES = YES;
				DEFINES_MODULE = YES;
				DYLIB_COMPATIBILITY_VERSION = 1;
				DYLIB_CURRENT_VERSION = 1;
				DYLIB_INSTALL_NAME_BASE = "@rpath";
				FRAMEWORK_VERSION = A;
				INFOPLIST_FILE = "$(SRCROOT)/Common/Info.plist";
				INSTALL_PATH = "$(LOCAL_LIBRARY_DIR)/Frameworks";
				LD_RUNPATH_SEARCH_PATHS = "$(inherited) @executable_path/../Frameworks @loader_path/Frameworks";
				MACOSX_DEPLOYMENT_TARGET = 10.12;
				PRODUCT_BUNDLE_IDENTIFIER = "com.folded-paper.Plist-macOS";
				PRODUCT_NAME = Plist;
				SDKROOT = macosx;
				SKIP_INSTALL = YES;
				SWIFT_VERSION = 3.0;
			};
			name = Release;
		};
		B93AEF4A1E78399800598D5C /* Debug */ = {
			isa = XCBuildConfiguration;
			buildSettings = {
				ALWAYS_EMBED_SWIFT_STANDARD_LIBRARIES = YES;
				CODE_SIGN_IDENTITY = "-";
				COMBINE_HIDPI_IMAGES = YES;
				INFOPLIST_FILE = "$(SRCROOT)/CommonTests/Info.plist";
				LD_RUNPATH_SEARCH_PATHS = "$(inherited) @executable_path/../Frameworks @loader_path/../Frameworks";
				MACOSX_DEPLOYMENT_TARGET = 10.12;
				PRODUCT_BUNDLE_IDENTIFIER = "com.folded-paper.Plist-macOSTests";
				PRODUCT_NAME = "$(TARGET_NAME)";
				SDKROOT = macosx;
				SWIFT_VERSION = 3.0;
			};
			name = Debug;
		};
		B93AEF4B1E78399800598D5C /* Release */ = {
			isa = XCBuildConfiguration;
			buildSettings = {
				ALWAYS_EMBED_SWIFT_STANDARD_LIBRARIES = YES;
				CODE_SIGN_IDENTITY = "-";
				COMBINE_HIDPI_IMAGES = YES;
				INFOPLIST_FILE = "$(SRCROOT)/CommonTests/Info.plist";
				LD_RUNPATH_SEARCH_PATHS = "$(inherited) @executable_path/../Frameworks @loader_path/../Frameworks";
				MACOSX_DEPLOYMENT_TARGET = 10.12;
				PRODUCT_BUNDLE_IDENTIFIER = "com.folded-paper.Plist-macOSTests";
				PRODUCT_NAME = "$(TARGET_NAME)";
				SDKROOT = macosx;
				SWIFT_VERSION = 3.0;
			};
			name = Release;
		};
		B9EFB9031E7835E0003F8BAC /* Debug */ = {
			isa = XCBuildConfiguration;
			buildSettings = {
				ALWAYS_SEARCH_USER_PATHS = NO;
				CLANG_ANALYZER_NONNULL = YES;
				CLANG_CXX_LANGUAGE_STANDARD = "gnu++0x";
				CLANG_CXX_LIBRARY = "libc++";
				CLANG_ENABLE_MODULES = YES;
				CLANG_ENABLE_OBJC_ARC = YES;
				CLANG_WARN_BOOL_CONVERSION = YES;
				CLANG_WARN_CONSTANT_CONVERSION = YES;
				CLANG_WARN_DIRECT_OBJC_ISA_USAGE = YES_ERROR;
				CLANG_WARN_DOCUMENTATION_COMMENTS = YES;
				CLANG_WARN_EMPTY_BODY = YES;
				CLANG_WARN_ENUM_CONVERSION = YES;
				CLANG_WARN_INFINITE_RECURSION = YES;
				CLANG_WARN_INT_CONVERSION = YES;
				CLANG_WARN_OBJC_ROOT_CLASS = YES_ERROR;
				CLANG_WARN_SUSPICIOUS_MOVE = YES;
				CLANG_WARN_UNREACHABLE_CODE = YES;
				CLANG_WARN__DUPLICATE_METHOD_MATCH = YES;
				"CODE_SIGN_IDENTITY[sdk=iphoneos*]" = "iPhone Developer";
				COPY_PHASE_STRIP = NO;
				CURRENT_PROJECT_VERSION = 1;
				DEBUG_INFORMATION_FORMAT = dwarf;
				ENABLE_STRICT_OBJC_MSGSEND = YES;
				ENABLE_TESTABILITY = YES;
				GCC_C_LANGUAGE_STANDARD = gnu99;
				GCC_DYNAMIC_NO_PIC = NO;
				GCC_NO_COMMON_BLOCKS = YES;
				GCC_OPTIMIZATION_LEVEL = 0;
				GCC_PREPROCESSOR_DEFINITIONS = (
					"DEBUG=1",
					"$(inherited)",
				);
				GCC_WARN_64_TO_32_BIT_CONVERSION = YES;
				GCC_WARN_ABOUT_RETURN_TYPE = YES_ERROR;
				GCC_WARN_UNDECLARED_SELECTOR = YES;
				GCC_WARN_UNINITIALIZED_AUTOS = YES_AGGRESSIVE;
				GCC_WARN_UNUSED_FUNCTION = YES;
				GCC_WARN_UNUSED_VARIABLE = YES;
				IPHONEOS_DEPLOYMENT_TARGET = 10.2;
				MTL_ENABLE_DEBUG_INFO = YES;
				ONLY_ACTIVE_ARCH = YES;
				SDKROOT = iphoneos;
				SWIFT_ACTIVE_COMPILATION_CONDITIONS = DEBUG;
				SWIFT_OPTIMIZATION_LEVEL = "-Onone";
				TARGETED_DEVICE_FAMILY = "1,2";
				VERSIONING_SYSTEM = "apple-generic";
				VERSION_INFO_PREFIX = "";
			};
			name = Debug;
		};
		B9EFB9041E7835E0003F8BAC /* Release */ = {
			isa = XCBuildConfiguration;
			buildSettings = {
				ALWAYS_SEARCH_USER_PATHS = NO;
				CLANG_ANALYZER_NONNULL = YES;
				CLANG_CXX_LANGUAGE_STANDARD = "gnu++0x";
				CLANG_CXX_LIBRARY = "libc++";
				CLANG_ENABLE_MODULES = YES;
				CLANG_ENABLE_OBJC_ARC = YES;
				CLANG_WARN_BOOL_CONVERSION = YES;
				CLANG_WARN_CONSTANT_CONVERSION = YES;
				CLANG_WARN_DIRECT_OBJC_ISA_USAGE = YES_ERROR;
				CLANG_WARN_DOCUMENTATION_COMMENTS = YES;
				CLANG_WARN_EMPTY_BODY = YES;
				CLANG_WARN_ENUM_CONVERSION = YES;
				CLANG_WARN_INFINITE_RECURSION = YES;
				CLANG_WARN_INT_CONVERSION = YES;
				CLANG_WARN_OBJC_ROOT_CLASS = YES_ERROR;
				CLANG_WARN_SUSPICIOUS_MOVE = YES;
				CLANG_WARN_UNREACHABLE_CODE = YES;
				CLANG_WARN__DUPLICATE_METHOD_MATCH = YES;
				"CODE_SIGN_IDENTITY[sdk=iphoneos*]" = "iPhone Developer";
				COPY_PHASE_STRIP = NO;
				CURRENT_PROJECT_VERSION = 1;
				DEBUG_INFORMATION_FORMAT = "dwarf-with-dsym";
				ENABLE_NS_ASSERTIONS = NO;
				ENABLE_STRICT_OBJC_MSGSEND = YES;
				GCC_C_LANGUAGE_STANDARD = gnu99;
				GCC_NO_COMMON_BLOCKS = YES;
				GCC_WARN_64_TO_32_BIT_CONVERSION = YES;
				GCC_WARN_ABOUT_RETURN_TYPE = YES_ERROR;
				GCC_WARN_UNDECLARED_SELECTOR = YES;
				GCC_WARN_UNINITIALIZED_AUTOS = YES_AGGRESSIVE;
				GCC_WARN_UNUSED_FUNCTION = YES;
				GCC_WARN_UNUSED_VARIABLE = YES;
				IPHONEOS_DEPLOYMENT_TARGET = 10.2;
				MTL_ENABLE_DEBUG_INFO = NO;
				SDKROOT = iphoneos;
				SWIFT_OPTIMIZATION_LEVEL = "-Owholemodule";
				TARGETED_DEVICE_FAMILY = "1,2";
				VALIDATE_PRODUCT = YES;
				VERSIONING_SYSTEM = "apple-generic";
				VERSION_INFO_PREFIX = "";
			};
			name = Release;
		};
/* End XCBuildConfiguration section */

/* Begin XCConfigurationList section */
		B93AEF191E7836DE00598D5C /* Build configuration list for PBXNativeTarget "Plist iOS" */ = {
			isa = XCConfigurationList;
			buildConfigurations = (
				B93AEF1A1E7836DE00598D5C /* Debug */,
				B93AEF1B1E7836DE00598D5C /* Release */,
			);
			defaultConfigurationIsVisible = 0;
		};
		B93AEF1C1E7836DE00598D5C /* Build configuration list for PBXNativeTarget "Plist iOS Tests" */ = {
			isa = XCConfigurationList;
			buildConfigurations = (
				B93AEF1D1E7836DE00598D5C /* Debug */,
				B93AEF1E1E7836DE00598D5C /* Release */,
			);
			defaultConfigurationIsVisible = 0;
		};
		B93AEF461E78399800598D5C /* Build configuration list for PBXNativeTarget "Plist macOS" */ = {
			isa = XCConfigurationList;
			buildConfigurations = (
				B93AEF471E78399800598D5C /* Debug */,
				B93AEF481E78399800598D5C /* Release */,
			);
			defaultConfigurationIsVisible = 0;
		};
		B93AEF491E78399800598D5C /* Build configuration list for PBXNativeTarget "Plist macOS Tests" */ = {
			isa = XCConfigurationList;
			buildConfigurations = (
				B93AEF4A1E78399800598D5C /* Debug */,
				B93AEF4B1E78399800598D5C /* Release */,
			);
			defaultConfigurationIsVisible = 0;
		};
		B9EFB8EB1E7835DF003F8BAC /* Build configuration list for PBXProject "Plist" */ = {
			isa = XCConfigurationList;
			buildConfigurations = (
				B9EFB9031E7835E0003F8BAC /* Debug */,
				B9EFB9041E7835E0003F8BAC /* Release */,
			);
			defaultConfigurationIsVisible = 0;
			defaultConfigurationName = Release;
		};
/* End XCConfigurationList section */
	};
	rootObject = B9EFB8E81E7835DF003F8BAC /* Project object */;
}
